
Microsoft Visual Studio Solution File, Format Version 12.00
# Visual Studio 15
VisualStudioVersion = 15.0.27004.2006
MinimumVisualStudioVersion = 10.0.40219.1
Project("{FAE04EC0-301F-11D3-BF4B-00C04F79EFBC}") = "Billbee.Api.Client", "Billbee.Api.Client\Billbee.Api.Client.csproj", "{814BD848-4AED-411F-B585-4519A6E0E44D}"
EndProject
Project("{FAE04EC0-301F-11D3-BF4B-00C04F79EFBC}") = "Billbee.Api.Client.Demo", "Billbee.Api.Client.Demo\Billbee.Api.Client.Demo.csproj", "{37E147A5-6B5B-4012-A38E-0828D8E229EA}"
EndProject
Project("{FAE04EC0-301F-11D3-BF4B-00C04F79EFBC}") = "Billbee.Api.Client.Test", "Billbee.Api.Client.Test\Billbee.Api.Client.Test.csproj", "{3ADDE5CD-C642-476E-8ABA-6EC3031AE247}"
EndProject
Global
	GlobalSection(SolutionConfigurationPlatforms) = preSolution
		Debug|Any CPU = Debug|Any CPU
		Release|Any CPU = Release|Any CPU
	EndGlobalSection
	GlobalSection(ProjectConfigurationPlatforms) = postSolution
		{814BD848-4AED-411F-B585-4519A6E0E44D}.Debug|Any CPU.ActiveCfg = Debug|Any CPU
		{814BD848-4AED-411F-B585-4519A6E0E44D}.Debug|Any CPU.Build.0 = Debug|Any CPU
		{814BD848-4AED-411F-B585-4519A6E0E44D}.Release|Any CPU.ActiveCfg = Release|Any CPU
		{814BD848-4AED-411F-B585-4519A6E0E44D}.Release|Any CPU.Build.0 = Release|Any CPU
		{37E147A5-6B5B-4012-A38E-0828D8E229EA}.Debug|Any CPU.ActiveCfg = Debug|Any CPU
		{37E147A5-6B5B-4012-A38E-0828D8E229EA}.Debug|Any CPU.Build.0 = Debug|Any CPU
		{37E147A5-6B5B-4012-A38E-0828D8E229EA}.Release|Any CPU.ActiveCfg = Release|Any CPU
		{37E147A5-6B5B-4012-A38E-0828D8E229EA}.Release|Any CPU.Build.0 = Release|Any CPU
		{3ADDE5CD-C642-476E-8ABA-6EC3031AE247}.Debug|Any CPU.ActiveCfg = Debug|Any CPU
		{3ADDE5CD-C642-476E-8ABA-6EC3031AE247}.Debug|Any CPU.Build.0 = Debug|Any CPU
		{3ADDE5CD-C642-476E-8ABA-6EC3031AE247}.Release|Any CPU.ActiveCfg = Release|Any CPU
		{3ADDE5CD-C642-476E-8ABA-6EC3031AE247}.Release|Any CPU.Build.0 = Release|Any CPU
	EndGlobalSection
	GlobalSection(SolutionProperties) = preSolution
		HideSolutionNode = FALSE
	EndGlobalSection
	GlobalSection(ExtensibilityGlobals) = postSolution
		SolutionGuid = {5BA9C842-6A9F-4A2A-A89C-2A06EC820EAB}
	EndGlobalSection
EndGlobal
